
Microsoft Visual Studio Solution File, Format Version 12.00
# Visual Studio Version 16
VisualStudioVersion = 16.0.30011.22
MinimumVisualStudioVersion = 10.0.40219.1
Project("{FAE04EC0-301F-11D3-BF4B-00C04F79EFBC}") = "Furniture_store", "Furniture_store\Furniture_store.csproj", "{ED336FCE-8AAB-4B8D-BFDD-0B3FA2AD6EC2}"
EndProject
Global
	GlobalSection(SolutionConfigurationPlatforms) = preSolution
		Debug|Any CPU = Debug|Any CPU
		Release|Any CPU = Release|Any CPU
	EndGlobalSection
	GlobalSection(ProjectConfigurationPlatforms) = postSolution
		{ED336FCE-8AAB-4B8D-BFDD-0B3FA2AD6EC2}.Debug|Any CPU.ActiveCfg = Debug|Any CPU
		{ED336FCE-8AAB-4B8D-BFDD-0B3FA2AD6EC2}.Debug|Any CPU.Build.0 = Debug|Any CPU
		{ED336FCE-8AAB-4B8D-BFDD-0B3FA2AD6EC2}.Release|Any CPU.ActiveCfg = Release|Any CPU
		{ED336FCE-8AAB-4B8D-BFDD-0B3FA2AD6EC2}.Release|Any CPU.Build.0 = Release|Any CPU
	EndGlobalSection
	GlobalSection(SolutionProperties) = preSolution
		HideSolutionNode = FALSE
	EndGlobalSection
	GlobalSection(ExtensibilityGlobals) = postSolution
		SolutionGuid = {88F3C94C-14A3-4EE5-80FA-BC5ECAD4ACB6}
	EndGlobalSection
EndGlobal
